
Microsoft Visual Studio Solution File, Format Version 12.00
# Visual Studio 15
VisualStudioVersion = 15.0.26228.9
MinimumVisualStudioVersion = 10.0.40219.1
Project("{FAE04EC0-301F-11D3-BF4B-00C04F79EFBC}") = "PrestaPOC.Android", "PrestaPOC\PrestaPOC.Android\PrestaPOC.Android.csproj", "{014F3A4B-FEEB-4AC1-9CCE-12713112C761}"
EndProject
Project("{FAE04EC0-301F-11D3-BF4B-00C04F79EFBC}") = "PrestaPOC", "PrestaPOC\PrestaPOC\PrestaPOC.csproj", "{7DA5B5ED-7256-473D-BBE6-98AC00996F7E}"
EndProject
Project("{FAE04EC0-301F-11D3-BF4B-00C04F79EFBC}") = "PrestaPOC.UWP", "PrestaPOC\PrestaPOC.UWP\PrestaPOC.UWP.csproj", "{310F4660-D8A0-4562-BFE0-FFAB26B989E5}"
EndProject
Project("{FAE04EC0-301F-11D3-BF4B-00C04F79EFBC}") = "PrestaPOC.iOS", "PrestaPOC\PrestaPOC.iOS\PrestaPOC.iOS.csproj", "{2061DEB7-7297-4D92-9000-E1DC82D16340}"
EndProject
Global
	GlobalSection(SolutionConfigurationPlatforms) = preSolution
		Ad-Hoc|Any CPU = Ad-Hoc|Any CPU
		Ad-Hoc|ARM = Ad-Hoc|ARM
		Ad-Hoc|iPhone = Ad-Hoc|iPhone
		Ad-Hoc|iPhoneSimulator = Ad-Hoc|iPhoneSimulator
		Ad-Hoc|x64 = Ad-Hoc|x64
		Ad-Hoc|x86 = Ad-Hoc|x86
		AppStore|Any CPU = AppStore|Any CPU
		AppStore|ARM = AppStore|ARM
		AppStore|iPhone = AppStore|iPhone
		AppStore|iPhoneSimulator = AppStore|iPhoneSimulator
		AppStore|x64 = AppStore|x64
		AppStore|x86 = AppStore|x86
		Debug|Any CPU = Debug|Any CPU
		Debug|ARM = Debug|ARM
		Debug|iPhone = Debug|iPhone
		Debug|iPhoneSimulator = Debug|iPhoneSimulator
		Debug|x64 = Debug|x64
		Debug|x86 = Debug|x86
		Release|Any CPU = Release|Any CPU
		Release|ARM = Release|ARM
		Release|iPhone = Release|iPhone
		Release|iPhoneSimulator = Release|iPhoneSimulator
		Release|x64 = Release|x64
		Release|x86 = Release|x86
	EndGlobalSection
	GlobalSection(ProjectConfigurationPlatforms) = postSolution
		{014F3A4B-FEEB-4AC1-9CCE-12713112C761}.Ad-Hoc|Any CPU.ActiveCfg = Release|Any CPU
		{014F3A4B-FEEB-4AC1-9CCE-12713112C761}.Ad-Hoc|Any CPU.Build.0 = Release|Any CPU
		{014F3A4B-FEEB-4AC1-9CCE-12713112C761}.Ad-Hoc|Any CPU.Deploy.0 = Release|Any CPU
		{014F3A4B-FEEB-4AC1-9CCE-12713112C761}.Ad-Hoc|ARM.ActiveCfg = Release|Any CPU
		{014F3A4B-FEEB-4AC1-9CCE-12713112C761}.Ad-Hoc|ARM.Build.0 = Release|Any CPU
		{014F3A4B-FEEB-4AC1-9CCE-12713112C761}.Ad-Hoc|ARM.Deploy.0 = Release|Any CPU
		{014F3A4B-FEEB-4AC1-9CCE-12713112C761}.Ad-Hoc|iPhone.ActiveCfg = Release|Any CPU
		{014F3A4B-FEEB-4AC1-9CCE-12713112C761}.Ad-Hoc|iPhone.Build.0 = Release|Any CPU
		{014F3A4B-FEEB-4AC1-9CCE-12713112C761}.Ad-Hoc|iPhone.Deploy.0 = Release|Any CPU
		{014F3A4B-FEEB-4AC1-9CCE-12713112C761}.Ad-Hoc|iPhoneSimulator.ActiveCfg = Release|Any CPU
		{014F3A4B-FEEB-4AC1-9CCE-12713112C761}.Ad-Hoc|iPhoneSimulator.Build.0 = Release|Any CPU
		{014F3A4B-FEEB-4AC1-9CCE-12713112C761}.Ad-Hoc|iPhoneSimulator.Deploy.0 = Release|Any CPU
		{014F3A4B-FEEB-4AC1-9CCE-12713112C761}.Ad-Hoc|x64.ActiveCfg = Release|Any CPU
		{014F3A4B-FEEB-4AC1-9CCE-12713112C761}.Ad-Hoc|x64.Build.0 = Release|Any CPU
		{014F3A4B-FEEB-4AC1-9CCE-12713112C761}.Ad-Hoc|x64.Deploy.0 = Release|Any CPU
		{014F3A4B-FEEB-4AC1-9CCE-12713112C761}.Ad-Hoc|x86.ActiveCfg = Release|Any CPU
		{014F3A4B-FEEB-4AC1-9CCE-12713112C761}.Ad-Hoc|x86.Build.0 = Release|Any CPU
		{014F3A4B-FEEB-4AC1-9CCE-12713112C761}.Ad-Hoc|x86.Deploy.0 = Release|Any CPU
		{014F3A4B-FEEB-4AC1-9CCE-12713112C761}.AppStore|Any CPU.ActiveCfg = Release|Any CPU
		{014F3A4B-FEEB-4AC1-9CCE-12713112C761}.AppStore|Any CPU.Build.0 = Release|Any CPU
		{014F3A4B-FEEB-4AC1-9CCE-12713112C761}.AppStore|Any CPU.Deploy.0 = Release|Any CPU
		{014F3A4B-FEEB-4AC1-9CCE-12713112C761}.AppStore|ARM.ActiveCfg = Release|Any CPU
		{014F3A4B-FEEB-4AC1-9CCE-12713112C761}.AppStore|ARM.Build.0 = Release|Any CPU
		{014F3A4B-FEEB-4AC1-9CCE-12713112C761}.AppStore|ARM.Deploy.0 = Release|Any CPU
		{014F3A4B-FEEB-4AC1-9CCE-12713112C761}.AppStore|iPhone.ActiveCfg = Release|Any CPU
		{014F3A4B-FEEB-4AC1-9CCE-12713112C761}.AppStore|iPhone.Build.0 = Release|Any CPU
		{014F3A4B-FEEB-4AC1-9CCE-12713112C761}.AppStore|iPhone.Deploy.0 = Release|Any CPU
		{014F3A4B-FEEB-4AC1-9CCE-12713112C761}.AppStore|iPhoneSimulator.ActiveCfg = Release|Any CPU
		{014F3A4B-FEEB-4AC1-9CCE-12713112C761}.AppStore|iPhoneSimulator.Build.0 = Release|Any CPU
		{014F3A4B-FEEB-4AC1-9CCE-12713112C761}.AppStore|iPhoneSimulator.Deploy.0 = Release|Any CPU
		{014F3A4B-FEEB-4AC1-9CCE-12713112C761}.AppStore|x64.ActiveCfg = Release|Any CPU
		{014F3A4B-FEEB-4AC1-9CCE-12713112C761}.AppStore|x64.Build.0 = Release|Any CPU
		{014F3A4B-FEEB-4AC1-9CCE-12713112C761}.AppStore|x64.Deploy.0 = Release|Any CPU
		{014F3A4B-FEEB-4AC1-9CCE-12713112C761}.AppStore|x86.ActiveCfg = Release|Any CPU
		{014F3A4B-FEEB-4AC1-9CCE-12713112C761}.AppStore|x86.Build.0 = Release|Any CPU
		{014F3A4B-FEEB-4AC1-9CCE-12713112C761}.AppStore|x86.Deploy.0 = Release|Any CPU
		{014F3A4B-FEEB-4AC1-9CCE-12713112C761}.Debug|Any CPU.ActiveCfg = Debug|Any CPU
		{014F3A4B-FEEB-4AC1-9CCE-12713112C761}.Debug|Any CPU.Build.0 = Debug|Any CPU
		{014F3A4B-FEEB-4AC1-9CCE-12713112C761}.Debug|Any CPU.Deploy.0 = Debug|Any CPU
		{014F3A4B-FEEB-4AC1-9CCE-12713112C761}.Debug|ARM.ActiveCfg = Debug|Any CPU
		{014F3A4B-FEEB-4AC1-9CCE-12713112C761}.Debug|ARM.Build.0 = Debug|Any CPU
		{014F3A4B-FEEB-4AC1-9CCE-12713112C761}.Debug|ARM.Deploy.0 = Debug|Any CPU
		{014F3A4B-FEEB-4AC1-9CCE-12713112C761}.Debug|iPhone.ActiveCfg = Debug|Any CPU
		{014F3A4B-FEEB-4AC1-9CCE-12713112C761}.Debug|iPhone.Build.0 = Debug|Any CPU
		{014F3A4B-FEEB-4AC1-9CCE-12713112C761}.Debug|iPhone.Deploy.0 = Debug|Any CPU
		{014F3A4B-FEEB-4AC1-9CCE-12713112C761}.Debug|iPhoneSimulator.ActiveCfg = Debug|Any CPU
		{014F3A4B-FEEB-4AC1-9CCE-12713112C761}.Debug|iPhoneSimulator.Build.0 = Debug|Any CPU
		{014F3A4B-FEEB-4AC1-9CCE-12713112C761}.Debug|iPhoneSimulator.Deploy.0 = Debug|Any CPU
		{014F3A4B-FEEB-4AC1-9CCE-12713112C761}.Debug|x64.ActiveCfg = Debug|Any CPU
		{014F3A4B-FEEB-4AC1-9CCE-12713112C761}.Debug|x64.Build.0 = Debug|Any CPU
		{014F3A4B-FEEB-4AC1-9CCE-12713112C761}.Debug|x64.Deploy.0 = Debug|Any CPU
		{014F3A4B-FEEB-4AC1-9CCE-12713112C761}.Debug|x86.ActiveCfg = Debug|Any CPU
		{014F3A4B-FEEB-4AC1-9CCE-12713112C761}.Debug|x86.Build.0 = Debug|Any CPU
		{014F3A4B-FEEB-4AC1-9CCE-12713112C761}.Debug|x86.Deploy.0 = Debug|Any CPU
		{014F3A4B-FEEB-4AC1-9CCE-12713112C761}.Release|Any CPU.ActiveCfg = Release|Any CPU
		{014F3A4B-FEEB-4AC1-9CCE-12713112C761}.Release|Any CPU.Build.0 = Release|Any CPU
		{014F3A4B-FEEB-4AC1-9CCE-12713112C761}.Release|Any CPU.Deploy.0 = Release|Any CPU
		{014F3A4B-FEEB-4AC1-9CCE-12713112C761}.Release|ARM.ActiveCfg = Release|Any CPU
		{014F3A4B-FEEB-4AC1-9CCE-12713112C761}.Release|ARM.Build.0 = Release|Any CPU
		{014F3A4B-FEEB-4AC1-9CCE-12713112C761}.Release|ARM.Deploy.0 = Release|Any CPU
		{014F3A4B-FEEB-4AC1-9CCE-12713112C761}.Release|iPhone.ActiveCfg = Release|Any CPU
		{014F3A4B-FEEB-4AC1-9CCE-12713112C761}.Release|iPhone.Build.0 = Release|Any CPU
		{014F3A4B-FEEB-4AC1-9CCE-12713112C761}.Release|iPhone.Deploy.0 = Release|Any CPU
		{014F3A4B-FEEB-4AC1-9CCE-12713112C761}.Release|iPhoneSimulator.ActiveCfg = Release|Any CPU
		{014F3A4B-FEEB-4AC1-9CCE-12713112C761}.Release|iPhoneSimulator.Build.0 = Release|Any CPU
		{014F3A4B-FEEB-4AC1-9CCE-12713112C761}.Release|iPhoneSimulator.Deploy.0 = Release|Any CPU
		{014F3A4B-FEEB-4AC1-9CCE-12713112C761}.Release|x64.ActiveCfg = Release|Any CPU
		{014F3A4B-FEEB-4AC1-9CCE-12713112C761}.Release|x64.Build.0 = Release|Any CPU
		{014F3A4B-FEEB-4AC1-9CCE-12713112C761}.Release|x64.Deploy.0 = Release|Any CPU
		{014F3A4B-FEEB-4AC1-9CCE-12713112C761}.Release|x86.ActiveCfg = Release|Any CPU
		{014F3A4B-FEEB-4AC1-9CCE-12713112C761}.Release|x86.Build.0 = Release|Any CPU
		{014F3A4B-FEEB-4AC1-9CCE-12713112C761}.Release|x86.Deploy.0 = Release|Any CPU
		{7DA5B5ED-7256-473D-BBE6-98AC00996F7E}.Ad-Hoc|Any CPU.ActiveCfg = Release|Any CPU
		{7DA5B5ED-7256-473D-BBE6-98AC00996F7E}.Ad-Hoc|Any CPU.Build.0 = Release|Any CPU
		{7DA5B5ED-7256-473D-BBE6-98AC00996F7E}.Ad-Hoc|ARM.ActiveCfg = Release|Any CPU
		{7DA5B5ED-7256-473D-BBE6-98AC00996F7E}.Ad-Hoc|ARM.Build.0 = Release|Any CPU
		{7DA5B5ED-7256-473D-BBE6-98AC00996F7E}.Ad-Hoc|iPhone.ActiveCfg = Release|Any CPU
		{7DA5B5ED-7256-473D-BBE6-98AC00996F7E}.Ad-Hoc|iPhone.Build.0 = Release|Any CPU
		{7DA5B5ED-7256-473D-BBE6-98AC00996F7E}.Ad-Hoc|iPhoneSimulator.ActiveCfg = Release|Any CPU
		{7DA5B5ED-7256-473D-BBE6-98AC00996F7E}.Ad-Hoc|iPhoneSimulator.Build.0 = Release|Any CPU
		{7DA5B5ED-7256-473D-BBE6-98AC00996F7E}.Ad-Hoc|x64.ActiveCfg = Release|Any CPU
		{7DA5B5ED-7256-473D-BBE6-98AC00996F7E}.Ad-Hoc|x64.Build.0 = Release|Any CPU
		{7DA5B5ED-7256-473D-BBE6-98AC00996F7E}.Ad-Hoc|x86.ActiveCfg = Release|Any CPU
		{7DA5B5ED-7256-473D-BBE6-98AC00996F7E}.Ad-Hoc|x86.Build.0 = Release|Any CPU
		{7DA5B5ED-7256-473D-BBE6-98AC00996F7E}.AppStore|Any CPU.ActiveCfg = Release|Any CPU
		{7DA5B5ED-7256-473D-BBE6-98AC00996F7E}.AppStore|Any CPU.Build.0 = Release|Any CPU
		{7DA5B5ED-7256-473D-BBE6-98AC00996F7E}.AppStore|ARM.ActiveCfg = Release|Any CPU
		{7DA5B5ED-7256-473D-BBE6-98AC00996F7E}.AppStore|ARM.Build.0 = Release|Any CPU
		{7DA5B5ED-7256-473D-BBE6-98AC00996F7E}.AppStore|iPhone.ActiveCfg = Release|Any CPU
		{7DA5B5ED-7256-473D-BBE6-98AC00996F7E}.AppStore|iPhone.Build.0 = Release|Any CPU
		{7DA5B5ED-7256-473D-BBE6-98AC00996F7E}.AppStore|iPhoneSimulator.ActiveCfg = Release|Any CPU
		{7DA5B5ED-7256-473D-BBE6-98AC00996F7E}.AppStore|iPhoneSimulator.Build.0 = Release|Any CPU
		{7DA5B5ED-7256-473D-BBE6-98AC00996F7E}.AppStore|x64.ActiveCfg = Release|Any CPU
		{7DA5B5ED-7256-473D-BBE6-98AC00996F7E}.AppStore|x64.Build.0 = Release|Any CPU
		{7DA5B5ED-7256-473D-BBE6-98AC00996F7E}.AppStore|x86.ActiveCfg = Release|Any CPU
		{7DA5B5ED-7256-473D-BBE6-98AC00996F7E}.AppStore|x86.Build.0 = Release|Any CPU
		{7DA5B5ED-7256-473D-BBE6-98AC00996F7E}.Debug|Any CPU.ActiveCfg = Debug|Any CPU
		{7DA5B5ED-7256-473D-BBE6-98AC00996F7E}.Debug|Any CPU.Build.0 = Debug|Any CPU
		{7DA5B5ED-7256-473D-BBE6-98AC00996F7E}.Debug|ARM.ActiveCfg = Debug|Any CPU
		{7DA5B5ED-7256-473D-BBE6-98AC00996F7E}.Debug|ARM.Build.0 = Debug|Any CPU
		{7DA5B5ED-7256-473D-BBE6-98AC00996F7E}.Debug|iPhone.ActiveCfg = Debug|Any CPU
		{7DA5B5ED-7256-473D-BBE6-98AC00996F7E}.Debug|iPhone.Build.0 = Debug|Any CPU
		{7DA5B5ED-7256-473D-BBE6-98AC00996F7E}.Debug|iPhoneSimulator.ActiveCfg = Debug|Any CPU
		{7DA5B5ED-7256-473D-BBE6-98AC00996F7E}.Debug|iPhoneSimulator.Build.0 = Debug|Any CPU
		{7DA5B5ED-7256-473D-BBE6-98AC00996F7E}.Debug|x64.ActiveCfg = Debug|Any CPU
		{7DA5B5ED-7256-473D-BBE6-98AC00996F7E}.Debug|x64.Build.0 = Debug|Any CPU
		{7DA5B5ED-7256-473D-BBE6-98AC00996F7E}.Debug|x86.ActiveCfg = Debug|Any CPU
		{7DA5B5ED-7256-473D-BBE6-98AC00996F7E}.Debug|x86.Build.0 = Debug|Any CPU
		{7DA5B5ED-7256-473D-BBE6-98AC00996F7E}.Release|Any CPU.ActiveCfg = Release|Any CPU
		{7DA5B5ED-7256-473D-BBE6-98AC00996F7E}.Release|Any CPU.Build.0 = Release|Any CPU
		{7DA5B5ED-7256-473D-BBE6-98AC00996F7E}.Release|ARM.ActiveCfg = Release|Any CPU
		{7DA5B5ED-7256-473D-BBE6-98AC00996F7E}.Release|ARM.Build.0 = Release|Any CPU
		{7DA5B5ED-7256-473D-BBE6-98AC00996F7E}.Release|iPhone.ActiveCfg = Release|Any CPU
		{7DA5B5ED-7256-473D-BBE6-98AC00996F7E}.Release|iPhone.Build.0 = Release|Any CPU
		{7DA5B5ED-7256-473D-BBE6-98AC00996F7E}.Release|iPhoneSimulator.ActiveCfg = Release|Any CPU
		{7DA5B5ED-7256-473D-BBE6-98AC00996F7E}.Release|iPhoneSimulator.Build.0 = Release|Any CPU
		{7DA5B5ED-7256-473D-BBE6-98AC00996F7E}.Release|x64.ActiveCfg = Release|Any CPU
		{7DA5B5ED-7256-473D-BBE6-98AC00996F7E}.Release|x64.Build.0 = Release|Any CPU
		{7DA5B5ED-7256-473D-BBE6-98AC00996F7E}.Release|x86.ActiveCfg = Release|Any CPU
		{7DA5B5ED-7256-473D-BBE6-98AC00996F7E}.Release|x86.Build.0 = Release|Any CPU
		{310F4660-D8A0-4562-BFE0-FFAB26B989E5}.Ad-Hoc|Any CPU.ActiveCfg = Release|x86
		{310F4660-D8A0-4562-BFE0-FFAB26B989E5}.Ad-Hoc|Any CPU.Build.0 = Release|x86
		{310F4660-D8A0-4562-BFE0-FFAB26B989E5}.Ad-Hoc|Any CPU.Deploy.0 = Release|x86
		{310F4660-D8A0-4562-BFE0-FFAB26B989E5}.Ad-Hoc|ARM.ActiveCfg = Release|ARM
		{310F4660-D8A0-4562-BFE0-FFAB26B989E5}.Ad-Hoc|ARM.Build.0 = Release|ARM
		{310F4660-D8A0-4562-BFE0-FFAB26B989E5}.Ad-Hoc|ARM.Deploy.0 = Release|ARM
		{310F4660-D8A0-4562-BFE0-FFAB26B989E5}.Ad-Hoc|iPhone.ActiveCfg = Release|x86
		{310F4660-D8A0-4562-BFE0-FFAB26B989E5}.Ad-Hoc|iPhone.Build.0 = Release|x86
		{310F4660-D8A0-4562-BFE0-FFAB26B989E5}.Ad-Hoc|iPhone.Deploy.0 = Release|x86
		{310F4660-D8A0-4562-BFE0-FFAB26B989E5}.Ad-Hoc|iPhoneSimulator.ActiveCfg = Release|x86
		{310F4660-D8A0-4562-BFE0-FFAB26B989E5}.Ad-Hoc|iPhoneSimulator.Build.0 = Release|x86
		{310F4660-D8A0-4562-BFE0-FFAB26B989E5}.Ad-Hoc|iPhoneSimulator.Deploy.0 = Release|x86
		{310F4660-D8A0-4562-BFE0-FFAB26B989E5}.Ad-Hoc|x64.ActiveCfg = Release|x64
		{310F4660-D8A0-4562-BFE0-FFAB26B989E5}.Ad-Hoc|x64.Build.0 = Release|x64
		{310F4660-D8A0-4562-BFE0-FFAB26B989E5}.Ad-Hoc|x64.Deploy.0 = Release|x64
		{310F4660-D8A0-4562-BFE0-FFAB26B989E5}.Ad-Hoc|x86.ActiveCfg = Release|x86
		{310F4660-D8A0-4562-BFE0-FFAB26B989E5}.Ad-Hoc|x86.Build.0 = Release|x86
		{310F4660-D8A0-4562-BFE0-FFAB26B989E5}.Ad-Hoc|x86.Deploy.0 = Release|x86
		{310F4660-D8A0-4562-BFE0-FFAB26B989E5}.AppStore|Any CPU.ActiveCfg = Release|x86
		{310F4660-D8A0-4562-BFE0-FFAB26B989E5}.AppStore|Any CPU.Build.0 = Release|x86
		{310F4660-D8A0-4562-BFE0-FFAB26B989E5}.AppStore|Any CPU.Deploy.0 = Release|x86
		{310F4660-D8A0-4562-BFE0-FFAB26B989E5}.AppStore|ARM.ActiveCfg = Release|ARM
		{310F4660-D8A0-4562-BFE0-FFAB26B989E5}.AppStore|ARM.Build.0 = Release|ARM
		{310F4660-D8A0-4562-BFE0-FFAB26B989E5}.AppStore|ARM.Deploy.0 = Release|ARM
		{310F4660-D8A0-4562-BFE0-FFAB26B989E5}.AppStore|iPhone.ActiveCfg = Release|x86
		{310F4660-D8A0-4562-BFE0-FFAB26B989E5}.AppStore|iPhone.Build.0 = Release|x86
		{310F4660-D8A0-4562-BFE0-FFAB26B989E5}.AppStore|iPhone.Deploy.0 = Release|x86
		{310F4660-D8A0-4562-BFE0-FFAB26B989E5}.AppStore|iPhoneSimulator.ActiveCfg = Release|x86
		{310F4660-D8A0-4562-BFE0-FFAB26B989E5}.AppStore|iPhoneSimulator.Build.0 = Release|x86
		{310F4660-D8A0-4562-BFE0-FFAB26B989E5}.AppStore|iPhoneSimulator.Deploy.0 = Release|x86
		{310F4660-D8A0-4562-BFE0-FFAB26B989E5}.AppStore|x64.ActiveCfg = Release|x64
		{310F4660-D8A0-4562-BFE0-FFAB26B989E5}.AppStore|x64.Build.0 = Release|x64
		{310F4660-D8A0-4562-BFE0-FFAB26B989E5}.AppStore|x64.Deploy.0 = Release|x64
		{310F4660-D8A0-4562-BFE0-FFAB26B989E5}.AppStore|x86.ActiveCfg = Release|x86
		{310F4660-D8A0-4562-BFE0-FFAB26B989E5}.AppStore|x86.Build.0 = Release|x86
		{310F4660-D8A0-4562-BFE0-FFAB26B989E5}.AppStore|x86.Deploy.0 = Release|x86
		{310F4660-D8A0-4562-BFE0-FFAB26B989E5}.Debug|Any CPU.ActiveCfg = Debug|x86
		{310F4660-D8A0-4562-BFE0-FFAB26B989E5}.Debug|ARM.ActiveCfg = Debug|ARM
		{310F4660-D8A0-4562-BFE0-FFAB26B989E5}.Debug|ARM.Build.0 = Debug|ARM
		{310F4660-D8A0-4562-BFE0-FFAB26B989E5}.Debug|ARM.Deploy.0 = Debug|ARM
		{310F4660-D8A0-4562-BFE0-FFAB26B989E5}.Debug|iPhone.ActiveCfg = Debug|x86
		{310F4660-D8A0-4562-BFE0-FFAB26B989E5}.Debug|iPhoneSimulator.ActiveCfg = Debug|x86
		{310F4660-D8A0-4562-BFE0-FFAB26B989E5}.Debug|x64.ActiveCfg = Debug|x64
		{310F4660-D8A0-4562-BFE0-FFAB26B989E5}.Debug|x64.Build.0 = Debug|x64
		{310F4660-D8A0-4562-BFE0-FFAB26B989E5}.Debug|x64.Deploy.0 = Debug|x64
		{310F4660-D8A0-4562-BFE0-FFAB26B989E5}.Debug|x86.ActiveCfg = Debug|x86
		{310F4660-D8A0-4562-BFE0-FFAB26B989E5}.Debug|x86.Build.0 = Debug|x86
		{310F4660-D8A0-4562-BFE0-FFAB26B989E5}.Debug|x86.Deploy.0 = Debug|x86
		{310F4660-D8A0-4562-BFE0-FFAB26B989E5}.Release|Any CPU.ActiveCfg = Release|x86
		{310F4660-D8A0-4562-BFE0-FFAB26B989E5}.Release|ARM.ActiveCfg = Release|ARM
		{310F4660-D8A0-4562-BFE0-FFAB26B989E5}.Release|ARM.Build.0 = Release|ARM
		{310F4660-D8A0-4562-BFE0-FFAB26B989E5}.Release|ARM.Deploy.0 = Release|ARM
		{310F4660-D8A0-4562-BFE0-FFAB26B989E5}.Release|iPhone.ActiveCfg = Release|x86
		{310F4660-D8A0-4562-BFE0-FFAB26B989E5}.Release|iPhoneSimulator.ActiveCfg = Release|x86
		{310F4660-D8A0-4562-BFE0-FFAB26B989E5}.Release|x64.ActiveCfg = Release|x64
		{310F4660-D8A0-4562-BFE0-FFAB26B989E5}.Release|x64.Build.0 = Release|x64
		{310F4660-D8A0-4562-BFE0-FFAB26B989E5}.Release|x64.Deploy.0 = Release|x64
		{310F4660-D8A0-4562-BFE0-FFAB26B989E5}.Release|x86.ActiveCfg = Release|x86
		{310F4660-D8A0-4562-BFE0-FFAB26B989E5}.Release|x86.Build.0 = Release|x86
		{310F4660-D8A0-4562-BFE0-FFAB26B989E5}.Release|x86.Deploy.0 = Release|x86
		{2061DEB7-7297-4D92-9000-E1DC82D16340}.Ad-Hoc|Any CPU.ActiveCfg = Ad-Hoc|iPhone
		{2061DEB7-7297-4D92-9000-E1DC82D16340}.Ad-Hoc|ARM.ActiveCfg = Ad-Hoc|iPhone
		{2061DEB7-7297-4D92-9000-E1DC82D16340}.Ad-Hoc|iPhone.ActiveCfg = Ad-Hoc|iPhone
		{2061DEB7-7297-4D92-9000-E1DC82D16340}.Ad-Hoc|iPhone.Build.0 = Ad-Hoc|iPhone
		{2061DEB7-7297-4D92-9000-E1DC82D16340}.Ad-Hoc|iPhoneSimulator.ActiveCfg = Ad-Hoc|iPhoneSimulator
		{2061DEB7-7297-4D92-9000-E1DC82D16340}.Ad-Hoc|iPhoneSimulator.Build.0 = Ad-Hoc|iPhoneSimulator
		{2061DEB7-7297-4D92-9000-E1DC82D16340}.Ad-Hoc|x64.ActiveCfg = Ad-Hoc|iPhone
		{2061DEB7-7297-4D92-9000-E1DC82D16340}.Ad-Hoc|x86.ActiveCfg = Ad-Hoc|iPhone
		{2061DEB7-7297-4D92-9000-E1DC82D16340}.AppStore|Any CPU.ActiveCfg = AppStore|iPhone
		{2061DEB7-7297-4D92-9000-E1DC82D16340}.AppStore|ARM.ActiveCfg = AppStore|iPhone
		{2061DEB7-7297-4D92-9000-E1DC82D16340}.AppStore|iPhone.ActiveCfg = AppStore|iPhone
		{2061DEB7-7297-4D92-9000-E1DC82D16340}.AppStore|iPhone.Build.0 = AppStore|iPhone
		{2061DEB7-7297-4D92-9000-E1DC82D16340}.AppStore|iPhoneSimulator.ActiveCfg = AppStore|iPhoneSimulator
		{2061DEB7-7297-4D92-9000-E1DC82D16340}.AppStore|iPhoneSimulator.Build.0 = AppStore|iPhoneSimulator
		{2061DEB7-7297-4D92-9000-E1DC82D16340}.AppStore|x64.ActiveCfg = AppStore|iPhone
		{2061DEB7-7297-4D92-9000-E1DC82D16340}.AppStore|x86.ActiveCfg = AppStore|iPhone
		{2061DEB7-7297-4D92-9000-E1DC82D16340}.Debug|Any CPU.ActiveCfg = Debug|iPhone
		{2061DEB7-7297-4D92-9000-E1DC82D16340}.Debug|ARM.ActiveCfg = Debug|iPhone
		{2061DEB7-7297-4D92-9000-E1DC82D16340}.Debug|iPhone.ActiveCfg = Debug|iPhone
		{2061DEB7-7297-4D92-9000-E1DC82D16340}.Debug|iPhone.Build.0 = Debug|iPhone
		{2061DEB7-7297-4D92-9000-E1DC82D16340}.Debug|iPhoneSimulator.ActiveCfg = Debug|iPhoneSimulator
		{2061DEB7-7297-4D92-9000-E1DC82D16340}.Debug|iPhoneSimulator.Build.0 = Debug|iPhoneSimulator
		{2061DEB7-7297-4D92-9000-E1DC82D16340}.Debug|x64.ActiveCfg = Debug|iPhone
		{2061DEB7-7297-4D92-9000-E1DC82D16340}.Debug|x86.ActiveCfg = Debug|iPhone
		{2061DEB7-7297-4D92-9000-E1DC82D16340}.Release|Any CPU.ActiveCfg = Release|iPhone
		{2061DEB7-7297-4D92-9000-E1DC82D16340}.Release|ARM.ActiveCfg = Release|iPhone
		{2061DEB7-7297-4D92-9000-E1DC82D16340}.Release|iPhone.ActiveCfg = Release|iPhone
		{2061DEB7-7297-4D92-9000-E1DC82D16340}.Release|iPhone.Build.0 = Release|iPhone
		{2061DEB7-7297-4D92-9000-E1DC82D16340}.Release|iPhoneSimulator.ActiveCfg = Release|iPhoneSimulator
		{2061DEB7-7297-4D92-9000-E1DC82D16340}.Release|iPhoneSimulator.Build.0 = Release|iPhoneSimulator
		{2061DEB7-7297-4D92-9000-E1DC82D16340}.Release|x64.ActiveCfg = Release|iPhone
		{2061DEB7-7297-4D92-9000-E1DC82D16340}.Release|x86.ActiveCfg = Release|iPhone
	EndGlobalSection
	GlobalSection(SolutionProperties) = preSolution
		HideSolutionNode = FALSE
	EndGlobalSection
EndGlobal
